
Microsoft Visual Studio Solution File, Format Version 12.00
# Visual Studio Version 17
VisualStudioVersion = 17.0.32014.148
MinimumVisualStudioVersion = 10.0.40219.1
Project("{FAE04EC0-301F-11D3-BF4B-00C04F79EFBC}") = "ClassWithArray", "ClassWithArray\ClassWithArray.csproj", "{9F4DD158-8FD3-475F-B35F-255964E29403}"
EndProject
Global
	GlobalSection(SolutionConfigurationPlatforms) = preSolution
		Debug|Any CPU = Debug|Any CPU
		Release|Any CPU = Release|Any CPU
	EndGlobalSection
	GlobalSection(ProjectConfigurationPlatforms) = postSolution
		{9F4DD158-8FD3-475F-B35F-255964E29403}.Debug|Any CPU.ActiveCfg = Debug|Any CPU
		{9F4DD158-8FD3-475F-B35F-255964E29403}.Debug|Any CPU.Build.0 = Debug|Any CPU
		{9F4DD158-8FD3-475F-B35F-255964E29403}.Release|Any CPU.ActiveCfg = Release|Any CPU
		{9F4DD158-8FD3-475F-B35F-255964E29403}.Release|Any CPU.Build.0 = Release|Any CPU
	EndGlobalSection
	GlobalSection(SolutionProperties) = preSolution
		HideSolutionNode = FALSE
	EndGlobalSection
	GlobalSection(ExtensibilityGlobals) = postSolution
		SolutionGuid = {045DCFA7-C5D4-4145-81B3-567C6F2857B1}
	EndGlobalSection
EndGlobal
